// !$*UTF8*$!
{
	archiveVersion = 1;
	classes = {
	};
	objectVersion = 56;
	objects = {

/* Begin PBXBuildFile section */
		BF0A6CE12A291FF400EE0FC3 /* ErrorView.swift in Sources */ = {isa = PBXBuildFile; fileRef = BF0A6CE02A291FF400EE0FC3 /* ErrorView.swift */; };
		BF0A6CE32A29201800EE0FC3 /* RecordAndTranscriptHeaderView.swift in Sources */ = {isa = PBXBuildFile; fileRef = BF0A6CE22A29201800EE0FC3 /* RecordAndTranscriptHeaderView.swift */; };
		BF0A6CE52A29202C00EE0FC3 /* RecordAndTranscriptView.swift in Sources */ = {isa = PBXBuildFile; fileRef = BF0A6CE42A29202B00EE0FC3 /* RecordAndTranscriptView.swift */; };
		BF0A6CE72A29204400EE0FC3 /* RecordDetailsEditView.swift in Sources */ = {isa = PBXBuildFile; fileRef = BF0A6CE62A29204400EE0FC3 /* RecordDetailsEditView.swift */; };
		BF0A6CE92A29206300EE0FC3 /* RecordDetailsView.swift in Sources */ = {isa = PBXBuildFile; fileRef = BF0A6CE82A29206300EE0FC3 /* RecordDetailsView.swift */; };
		BF0A6CEB2A29207400EE0FC3 /* RecordView.swift in Sources */ = {isa = PBXBuildFile; fileRef = BF0A6CEA2A29207400EE0FC3 /* RecordView.swift */; };
		BF0A6CED2A29209400EE0FC3 /* TranscriptRecordsView.swift in Sources */ = {isa = PBXBuildFile; fileRef = BF0A6CEC2A29209400EE0FC3 /* TranscriptRecordsView.swift */; };
		BF0A6CF02A29214D00EE0FC3 /* ErrorWrapper.swift in Sources */ = {isa = PBXBuildFile; fileRef = BF0A6CEF2A29214D00EE0FC3 /* ErrorWrapper.swift */; };
		BF0A6CF22A29216300EE0FC3 /* Records.swift in Sources */ = {isa = PBXBuildFile; fileRef = BF0A6CF12A29216300EE0FC3 /* Records.swift */; };
		BF0A6CF42A29218800EE0FC3 /* Store.swift in Sources */ = {isa = PBXBuildFile; fileRef = BF0A6CF32A29218800EE0FC3 /* Store.swift */; };
		BF0A6CF62A29219700EE0FC3 /* Theme.swift in Sources */ = {isa = PBXBuildFile; fileRef = BF0A6CF52A29219700EE0FC3 /* Theme.swift */; };
		BF0A6CF82A2927B900EE0FC3 /* SpeechRecognizer.swift in Sources */ = {isa = PBXBuildFile; fileRef = BF0A6CF72A2927B900EE0FC3 /* SpeechRecognizer.swift */; };
		BF5B90D32AC2D3AB00EBAA3D /* openai_models in Resources */ = {isa = PBXBuildFile; fileRef = BF5B90D22AC2D3AB00EBAA3D /* openai_models */; };
		BFA4321A2AB9A6CB00B45C0E /* AudioKit in Frameworks */ = {isa = PBXBuildFile; productRef = BFA432192AB9A6CB00B45C0E /* AudioKit */; };
		BFB1AA6E2AED57B700C9218A /* RecordAndTranscriptRefactored.swift in Sources */ = {isa = PBXBuildFile; fileRef = BFB1AA6D2AED57B700C9218A /* RecordAndTranscriptRefactored.swift */; };
		BFB1AA712AED632600C9218A /* convertAudioFileToPCMArray.swift in Sources */ = {isa = PBXBuildFile; fileRef = BFB1AA702AED632600C9218A /* convertAudioFileToPCMArray.swift */; };
		BFB980962AF6B7D200460497 /* SwiftWhisper in Frameworks */ = {isa = PBXBuildFile; productRef = BFB980952AF6B7D200460497 /* SwiftWhisper */; };
		BFF6FAB32A24AF4700013838 /* whisperer_appApp.swift in Sources */ = {isa = PBXBuildFile; fileRef = BFF6FAB22A24AF4700013838 /* whisperer_appApp.swift */; };
		BFF6FAB72A24AF4A00013838 /* Assets.xcassets in Resources */ = {isa = PBXBuildFile; fileRef = BFF6FAB62A24AF4A00013838 /* Assets.xcassets */; };
		BFF6FABA2A24AF4A00013838 /* Preview Assets.xcassets in Resources */ = {isa = PBXBuildFile; fileRef = BFF6FAB92A24AF4A00013838 /* Preview Assets.xcassets */; };
		BFF6FAC42A24AF4A00013838 /* whisperer_appTests.swift in Sources */ = {isa = PBXBuildFile; fileRef = BFF6FAC32A24AF4A00013838 /* whisperer_appTests.swift */; };
		BFF6FACE2A24AF4A00013838 /* whisperer_appUITests.swift in Sources */ = {isa = PBXBuildFile; fileRef = BFF6FACD2A24AF4A00013838 /* whisperer_appUITests.swift */; };
		BFF6FAD02A24AF4A00013838 /* whisperer_appUITestsLaunchTests.swift in Sources */ = {isa = PBXBuildFile; fileRef = BFF6FACF2A24AF4A00013838 /* whisperer_appUITestsLaunchTests.swift */; };
/* End PBXBuildFile section */

/* Begin PBXContainerItemProxy section */
		BFF6FAC02A24AF4A00013838 /* PBXContainerItemProxy */ = {
			isa = PBXContainerItemProxy;
			containerPortal = BFF6FAA72A24AF4700013838 /* Project object */;
			proxyType = 1;
			remoteGlobalIDString = BFF6FAAE2A24AF4700013838;
			remoteInfo = "whisperer-app";
		};
		BFF6FACA2A24AF4A00013838 /* PBXContainerItemProxy */ = {
			isa = PBXContainerItemProxy;
			containerPortal = BFF6FAA72A24AF4700013838 /* Project object */;
			proxyType = 1;
			remoteGlobalIDString = BFF6FAAE2A24AF4700013838;
			remoteInfo = "whisperer-app";
		};
/* End PBXContainerItemProxy section */

/* Begin PBXFileReference section */
		BF0A6CE02A291FF400EE0FC3 /* ErrorView.swift */ = {isa = PBXFileReference; lastKnownFileType = sourcecode.swift; path = ErrorView.swift; sourceTree = "<group>"; };
		BF0A6CE22A29201800EE0FC3 /* RecordAndTranscriptHeaderView.swift */ = {isa = PBXFileReference; lastKnownFileType = sourcecode.swift; path = RecordAndTranscriptHeaderView.swift; sourceTree = "<group>"; };
		BF0A6CE42A29202B00EE0FC3 /* RecordAndTranscriptView.swift */ = {isa = PBXFileReference; lastKnownFileType = sourcecode.swift; path = RecordAndTranscriptView.swift; sourceTree = "<group>"; };
		BF0A6CE62A29204400EE0FC3 /* RecordDetailsEditView.swift */ = {isa = PBXFileReference; lastKnownFileType = sourcecode.swift; path = RecordDetailsEditView.swift; sourceTree = "<group>"; };
		BF0A6CE82A29206300EE0FC3 /* RecordDetailsView.swift */ = {isa = PBXFileReference; lastKnownFileType = sourcecode.swift; path = RecordDetailsView.swift; sourceTree = "<group>"; };
		BF0A6CEA2A29207400EE0FC3 /* RecordView.swift */ = {isa = PBXFileReference; lastKnownFileType = sourcecode.swift; path = RecordView.swift; sourceTree = "<group>"; };
		BF0A6CEC2A29209400EE0FC3 /* TranscriptRecordsView.swift */ = {isa = PBXFileReference; lastKnownFileType = sourcecode.swift; path = TranscriptRecordsView.swift; sourceTree = "<group>"; };
		BF0A6CEF2A29214D00EE0FC3 /* ErrorWrapper.swift */ = {isa = PBXFileReference; lastKnownFileType = sourcecode.swift; path = ErrorWrapper.swift; sourceTree = "<group>"; };
		BF0A6CF12A29216300EE0FC3 /* Records.swift */ = {isa = PBXFileReference; lastKnownFileType = sourcecode.swift; path = Records.swift; sourceTree = "<group>"; };
		BF0A6CF32A29218800EE0FC3 /* Store.swift */ = {isa = PBXFileReference; lastKnownFileType = sourcecode.swift; path = Store.swift; sourceTree = "<group>"; };
		BF0A6CF52A29219700EE0FC3 /* Theme.swift */ = {isa = PBXFileReference; lastKnownFileType = sourcecode.swift; path = Theme.swift; sourceTree = "<group>"; };
		BF0A6CF72A2927B900EE0FC3 /* SpeechRecognizer.swift */ = {isa = PBXFileReference; lastKnownFileType = sourcecode.swift; path = SpeechRecognizer.swift; sourceTree = "<group>"; };
		BF5B90D22AC2D3AB00EBAA3D /* openai_models */ = {isa = PBXFileReference; lastKnownFileType = folder; path = openai_models; sourceTree = "<group>"; };
		BFB1AA6D2AED57B700C9218A /* RecordAndTranscriptRefactored.swift */ = {isa = PBXFileReference; lastKnownFileType = sourcecode.swift; path = RecordAndTranscriptRefactored.swift; sourceTree = "<group>"; };
		BFB1AA702AED632600C9218A /* convertAudioFileToPCMArray.swift */ = {isa = PBXFileReference; lastKnownFileType = sourcecode.swift; path = convertAudioFileToPCMArray.swift; sourceTree = "<group>"; };
		BFF6FAAF2A24AF4700013838 /* whisperer-app.app */ = {isa = PBXFileReference; explicitFileType = wrapper.application; includeInIndex = 0; path = "whisperer-app.app"; sourceTree = BUILT_PRODUCTS_DIR; };
		BFF6FAB22A24AF4700013838 /* whisperer_appApp.swift */ = {isa = PBXFileReference; lastKnownFileType = sourcecode.swift; path = whisperer_appApp.swift; sourceTree = "<group>"; };
		BFF6FAB62A24AF4A00013838 /* Assets.xcassets */ = {isa = PBXFileReference; lastKnownFileType = folder.assetcatalog; path = Assets.xcassets; sourceTree = "<group>"; };
		BFF6FAB92A24AF4A00013838 /* Preview Assets.xcassets */ = {isa = PBXFileReference; lastKnownFileType = folder.assetcatalog; path = "Preview Assets.xcassets"; sourceTree = "<group>"; };
		BFF6FABF2A24AF4A00013838 /* whisperer-appTests.xctest */ = {isa = PBXFileReference; explicitFileType = wrapper.cfbundle; includeInIndex = 0; path = "whisperer-appTests.xctest"; sourceTree = BUILT_PRODUCTS_DIR; };
		BFF6FAC32A24AF4A00013838 /* whisperer_appTests.swift */ = {isa = PBXFileReference; lastKnownFileType = sourcecode.swift; path = whisperer_appTests.swift; sourceTree = "<group>"; };
		BFF6FAC92A24AF4A00013838 /* whisperer-appUITests.xctest */ = {isa = PBXFileReference; explicitFileType = wrapper.cfbundle; includeInIndex = 0; path = "whisperer-appUITests.xctest"; sourceTree = BUILT_PRODUCTS_DIR; };
		BFF6FACD2A24AF4A00013838 /* whisperer_appUITests.swift */ = {isa = PBXFileReference; lastKnownFileType = sourcecode.swift; path = whisperer_appUITests.swift; sourceTree = "<group>"; };
		BFF6FACF2A24AF4A00013838 /* whisperer_appUITestsLaunchTests.swift */ = {isa = PBXFileReference; lastKnownFileType = sourcecode.swift; path = whisperer_appUITestsLaunchTests.swift; sourceTree = "<group>"; };
/* End PBXFileReference section */

/* Begin PBXFrameworksBuildPhase section */
		BFF6FAAC2A24AF4700013838 /* Frameworks */ = {
			isa = PBXFrameworksBuildPhase;
			buildActionMask = 2147483647;
			files = (
				BFA4321A2AB9A6CB00B45C0E /* AudioKit in Frameworks */,
				BFB980962AF6B7D200460497 /* SwiftWhisper in Frameworks */,
			);
			runOnlyForDeploymentPostprocessing = 0;
		};
		BFF6FABC2A24AF4A00013838 /* Frameworks */ = {
			isa = PBXFrameworksBuildPhase;
			buildActionMask = 2147483647;
			files = (
			);
			runOnlyForDeploymentPostprocessing = 0;
		};
		BFF6FAC62A24AF4A00013838 /* Frameworks */ = {
			isa = PBXFrameworksBuildPhase;
			buildActionMask = 2147483647;
			files = (
			);
			runOnlyForDeploymentPostprocessing = 0;
		};
/* End PBXFrameworksBuildPhase section */

/* Begin PBXGroup section */
		BF0A6CDF2A291FAC00EE0FC3 /* views */ = {
			isa = PBXGroup;
			children = (
				BF0A6CE02A291FF400EE0FC3 /* ErrorView.swift */,
				BF0A6CE22A29201800EE0FC3 /* RecordAndTranscriptHeaderView.swift */,
				BF0A6CE42A29202B00EE0FC3 /* RecordAndTranscriptView.swift */,
				BF0A6CE62A29204400EE0FC3 /* RecordDetailsEditView.swift */,
				BF0A6CE82A29206300EE0FC3 /* RecordDetailsView.swift */,
				BF0A6CEA2A29207400EE0FC3 /* RecordView.swift */,
				BF0A6CEC2A29209400EE0FC3 /* TranscriptRecordsView.swift */,
				BFB1AA6D2AED57B700C9218A /* RecordAndTranscriptRefactored.swift */,
			);
			path = views;
			sourceTree = "<group>";
		};
		BF0A6CEE2A29213C00EE0FC3 /* models */ = {
			isa = PBXGroup;
			children = (
				BF0A6CEF2A29214D00EE0FC3 /* ErrorWrapper.swift */,
				BF0A6CF12A29216300EE0FC3 /* Records.swift */,
				BF0A6CF32A29218800EE0FC3 /* Store.swift */,
				BF0A6CF52A29219700EE0FC3 /* Theme.swift */,
				BF0A6CF72A2927B900EE0FC3 /* SpeechRecognizer.swift */,
			);
			path = models;
			sourceTree = "<group>";
		};
		BFB1AA6F2AED62FD00C9218A /* convert */ = {
			isa = PBXGroup;
			children = (
				BFB1AA702AED632600C9218A /* convertAudioFileToPCMArray.swift */,
			);
			path = convert;
			sourceTree = "<group>";
		};
		BFB980922AF6B62A00460497 /* Frameworks */ = {
			isa = PBXGroup;
			children = (
			);
			name = Frameworks;
			sourceTree = "<group>";
		};
		BFF6FAA62A24AF4700013838 = {
			isa = PBXGroup;
			children = (
				BFF6FAB12A24AF4700013838 /* whisperer-app */,
				BFF6FAC22A24AF4A00013838 /* whisperer-appTests */,
				BFF6FACC2A24AF4A00013838 /* whisperer-appUITests */,
				BFF6FAB02A24AF4700013838 /* Products */,
				BFB980922AF6B62A00460497 /* Frameworks */,
			);
			sourceTree = "<group>";
		};
		BFF6FAB02A24AF4700013838 /* Products */ = {
			isa = PBXGroup;
			children = (
				BFF6FAAF2A24AF4700013838 /* whisperer-app.app */,
				BFF6FABF2A24AF4A00013838 /* whisperer-appTests.xctest */,
				BFF6FAC92A24AF4A00013838 /* whisperer-appUITests.xctest */,
			);
			name = Products;
			sourceTree = "<group>";
		};
		BFF6FAB12A24AF4700013838 /* whisperer-app */ = {
			isa = PBXGroup;
			children = (
				BFB1AA6F2AED62FD00C9218A /* convert */,
				BF5B90D22AC2D3AB00EBAA3D /* openai_models */,
				BF0A6CEE2A29213C00EE0FC3 /* models */,
				BF0A6CDF2A291FAC00EE0FC3 /* views */,
				BFF6FAB22A24AF4700013838 /* whisperer_appApp.swift */,
				BFF6FAB62A24AF4A00013838 /* Assets.xcassets */,
				BFF6FAB82A24AF4A00013838 /* Preview Content */,
			);
			path = "whisperer-app";
			sourceTree = "<group>";
		};
		BFF6FAB82A24AF4A00013838 /* Preview Content */ = {
			isa = PBXGroup;
			children = (
				BFF6FAB92A24AF4A00013838 /* Preview Assets.xcassets */,
			);
			path = "Preview Content";
			sourceTree = "<group>";
		};
		BFF6FAC22A24AF4A00013838 /* whisperer-appTests */ = {
			isa = PBXGroup;
			children = (
				BFF6FAC32A24AF4A00013838 /* whisperer_appTests.swift */,
			);
			path = "whisperer-appTests";
			sourceTree = "<group>";
		};
		BFF6FACC2A24AF4A00013838 /* whisperer-appUITests */ = {
			isa = PBXGroup;
			children = (
				BFF6FACD2A24AF4A00013838 /* whisperer_appUITests.swift */,
				BFF6FACF2A24AF4A00013838 /* whisperer_appUITestsLaunchTests.swift */,
			);
			path = "whisperer-appUITests";
			sourceTree = "<group>";
		};
/* End PBXGroup section */

/* Begin PBXNativeTarget section */
		BFF6FAAE2A24AF4700013838 /* whisperer-app */ = {
			isa = PBXNativeTarget;
			buildConfigurationList = BFF6FAD32A24AF4A00013838 /* Build configuration list for PBXNativeTarget "whisperer-app" */;
			buildPhases = (
				BFF6FAAB2A24AF4700013838 /* Sources */,
				BFF6FAAC2A24AF4700013838 /* Frameworks */,
				BFF6FAAD2A24AF4700013838 /* Resources */,
			);
			buildRules = (
			);
			dependencies = (
			);
			name = "whisperer-app";
			packageProductDependencies = (
				BFA432192AB9A6CB00B45C0E /* AudioKit */,
				BFB980952AF6B7D200460497 /* SwiftWhisper */,
			);
			productName = "whisperer-app";
			productReference = BFF6FAAF2A24AF4700013838 /* whisperer-app.app */;
			productType = "com.apple.product-type.application";
		};
		BFF6FABE2A24AF4A00013838 /* whisperer-appTests */ = {
			isa = PBXNativeTarget;
			buildConfigurationList = BFF6FAD62A24AF4A00013838 /* Build configuration list for PBXNativeTarget "whisperer-appTests" */;
			buildPhases = (
				BFF6FABB2A24AF4A00013838 /* Sources */,
				BFF6FABC2A24AF4A00013838 /* Frameworks */,
				BFF6FABD2A24AF4A00013838 /* Resources */,
			);
			buildRules = (
			);
			dependencies = (
				BFF6FAC12A24AF4A00013838 /* PBXTargetDependency */,
			);
			name = "whisperer-appTests";
			productName = "whisperer-appTests";
			productReference = BFF6FABF2A24AF4A00013838 /* whisperer-appTests.xctest */;
			productType = "com.apple.product-type.bundle.unit-test";
		};
		BFF6FAC82A24AF4A00013838 /* whisperer-appUITests */ = {
			isa = PBXNativeTarget;
			buildConfigurationList = BFF6FAD92A24AF4A00013838 /* Build configuration list for PBXNativeTarget "whisperer-appUITests" */;
			buildPhases = (
				BFF6FAC52A24AF4A00013838 /* Sources */,
				BFF6FAC62A24AF4A00013838 /* Frameworks */,
				BFF6FAC72A24AF4A00013838 /* Resources */,
			);
			buildRules = (
			);
			dependencies = (
				BFF6FACB2A24AF4A00013838 /* PBXTargetDependency */,
			);
			name = "whisperer-appUITests";
			productName = "whisperer-appUITests";
			productReference = BFF6FAC92A24AF4A00013838 /* whisperer-appUITests.xctest */;
			productType = "com.apple.product-type.bundle.ui-testing";
		};
/* End PBXNativeTarget section */

/* Begin PBXProject section */
		BFF6FAA72A24AF4700013838 /* Project object */ = {
			isa = PBXProject;
			attributes = {
				BuildIndependentTargetsInParallel = 1;
				LastSwiftUpdateCheck = 1430;
				LastUpgradeCheck = 1430;
				TargetAttributes = {
					BFF6FAAE2A24AF4700013838 = {
						CreatedOnToolsVersion = 14.3;
					};
					BFF6FABE2A24AF4A00013838 = {
						CreatedOnToolsVersion = 14.3;
						TestTargetID = BFF6FAAE2A24AF4700013838;
					};
					BFF6FAC82A24AF4A00013838 = {
						CreatedOnToolsVersion = 14.3;
						TestTargetID = BFF6FAAE2A24AF4700013838;
					};
				};
			};
			buildConfigurationList = BFF6FAAA2A24AF4700013838 /* Build configuration list for PBXProject "whisperer-app" */;
			compatibilityVersion = "Xcode 14.0";
			developmentRegion = en;
			hasScannedForEncodings = 0;
			knownRegions = (
				en,
				Base,
			);
			mainGroup = BFF6FAA62A24AF4700013838;
			packageReferences = (
				BF44DCFE2A3F913800843ACE /* XCRemoteSwiftPackageReference "SwiftWhisper" */,
				BFA432182AB9A6CB00B45C0E /* XCRemoteSwiftPackageReference "AudioKit" */,
			);
			productRefGroup = BFF6FAB02A24AF4700013838 /* Products */;
			projectDirPath = "";
			projectRoot = "";
			targets = (
				BFF6FAAE2A24AF4700013838 /* whisperer-app */,
				BFF6FABE2A24AF4A00013838 /* whisperer-appTests */,
				BFF6FAC82A24AF4A00013838 /* whisperer-appUITests */,
			);
		};
/* End PBXProject section */

/* Begin PBXResourcesBuildPhase section */
		BFF6FAAD2A24AF4700013838 /* Resources */ = {
			isa = PBXResourcesBuildPhase;
			buildActionMask = 2147483647;
			files = (
				BF5B90D32AC2D3AB00EBAA3D /* openai_models in Resources */,
				BFF6FABA2A24AF4A00013838 /* Preview Assets.xcassets in Resources */,
				BFF6FAB72A24AF4A00013838 /* Assets.xcassets in Resources */,
			);
			runOnlyForDeploymentPostprocessing = 0;
		};
		BFF6FABD2A24AF4A00013838 /* Resources */ = {
			isa = PBXResourcesBuildPhase;
			buildActionMask = 2147483647;
			files = (
			);
			runOnlyForDeploymentPostprocessing = 0;
		};
		BFF6FAC72A24AF4A00013838 /* Resources */ = {
			isa = PBXResourcesBuildPhase;
			buildActionMask = 2147483647;
			files = (
			);
			runOnlyForDeploymentPostprocessing = 0;
		};
/* End PBXResourcesBuildPhase section */

/* Begin PBXSourcesBuildPhase section */
		BFF6FAAB2A24AF4700013838 /* Sources */ = {
			isa = PBXSourcesBuildPhase;
			buildActionMask = 2147483647;
			files = (
				BF0A6CE12A291FF400EE0FC3 /* ErrorView.swift in Sources */,
				BF0A6CE72A29204400EE0FC3 /* RecordDetailsEditView.swift in Sources */,
				BF0A6CF42A29218800EE0FC3 /* Store.swift in Sources */,
				BF0A6CF62A29219700EE0FC3 /* Theme.swift in Sources */,
				BF0A6CE52A29202C00EE0FC3 /* RecordAndTranscriptView.swift in Sources */,
				BF0A6CF22A29216300EE0FC3 /* Records.swift in Sources */,
				BF0A6CED2A29209400EE0FC3 /* TranscriptRecordsView.swift in Sources */,
				BF0A6CE32A29201800EE0FC3 /* RecordAndTranscriptHeaderView.swift in Sources */,
				BF0A6CEB2A29207400EE0FC3 /* RecordView.swift in Sources */,
				BF0A6CE92A29206300EE0FC3 /* RecordDetailsView.swift in Sources */,
				BF0A6CF82A2927B900EE0FC3 /* SpeechRecognizer.swift in Sources */,
				BFB1AA6E2AED57B700C9218A /* RecordAndTranscriptRefactored.swift in Sources */,
				BF0A6CF02A29214D00EE0FC3 /* ErrorWrapper.swift in Sources */,
				BFF6FAB32A24AF4700013838 /* whisperer_appApp.swift in Sources */,
				BFB1AA712AED632600C9218A /* convertAudioFileToPCMArray.swift in Sources */,
			);
			runOnlyForDeploymentPostprocessing = 0;
		};
		BFF6FABB2A24AF4A00013838 /* Sources */ = {
			isa = PBXSourcesBuildPhase;
			buildActionMask = 2147483647;
			files = (
				BFF6FAC42A24AF4A00013838 /* whisperer_appTests.swift in Sources */,
			);
			runOnlyForDeploymentPostprocessing = 0;
		};
		BFF6FAC52A24AF4A00013838 /* Sources */ = {
			isa = PBXSourcesBuildPhase;
			buildActionMask = 2147483647;
			files = (
				BFF6FAD02A24AF4A00013838 /* whisperer_appUITestsLaunchTests.swift in Sources */,
				BFF6FACE2A24AF4A00013838 /* whisperer_appUITests.swift in Sources */,
			);
			runOnlyForDeploymentPostprocessing = 0;
		};
/* End PBXSourcesBuildPhase section */

/* Begin PBXTargetDependency section */
		BFF6FAC12A24AF4A00013838 /* PBXTargetDependency */ = {
			isa = PBXTargetDependency;
			target = BFF6FAAE2A24AF4700013838 /* whisperer-app */;
			targetProxy = BFF6FAC02A24AF4A00013838 /* PBXContainerItemProxy */;
		};
		BFF6FACB2A24AF4A00013838 /* PBXTargetDependency */ = {
			isa = PBXTargetDependency;
			target = BFF6FAAE2A24AF4700013838 /* whisperer-app */;
			targetProxy = BFF6FACA2A24AF4A00013838 /* PBXContainerItemProxy */;
		};
/* End PBXTargetDependency section */

/* Begin XCBuildConfiguration section */
		BFF6FAD12A24AF4A00013838 /* Debug */ = {
			isa = XCBuildConfiguration;
			buildSettings = {
				ALWAYS_SEARCH_USER_PATHS = NO;
				CLANG_ANALYZER_NONNULL = YES;
				CLANG_ANALYZER_NUMBER_OBJECT_CONVERSION = YES_AGGRESSIVE;
				CLANG_CXX_LANGUAGE_STANDARD = "gnu++20";
				CLANG_ENABLE_MODULES = YES;
				CLANG_ENABLE_OBJC_ARC = YES;
				CLANG_ENABLE_OBJC_WEAK = YES;
				CLANG_WARN_BLOCK_CAPTURE_AUTORELEASING = YES;
				CLANG_WARN_BOOL_CONVERSION = YES;
				CLANG_WARN_COMMA = YES;
				CLANG_WARN_CONSTANT_CONVERSION = YES;
				CLANG_WARN_DEPRECATED_OBJC_IMPLEMENTATIONS = YES;
				CLANG_WARN_DIRECT_OBJC_ISA_USAGE = YES_ERROR;
				CLANG_WARN_DOCUMENTATION_COMMENTS = YES;
				CLANG_WARN_EMPTY_BODY = YES;
				CLANG_WARN_ENUM_CONVERSION = YES;
				CLANG_WARN_INFINITE_RECURSION = YES;
				CLANG_WARN_INT_CONVERSION = YES;
				CLANG_WARN_NON_LITERAL_NULL_CONVERSION = YES;
				CLANG_WARN_OBJC_IMPLICIT_RETAIN_SELF = YES;
				CLANG_WARN_OBJC_LITERAL_CONVERSION = YES;
				CLANG_WARN_OBJC_ROOT_CLASS = YES_ERROR;
				CLANG_WARN_QUOTED_INCLUDE_IN_FRAMEWORK_HEADER = YES;
				CLANG_WARN_RANGE_LOOP_ANALYSIS = YES;
				CLANG_WARN_STRICT_PROTOTYPES = YES;
				CLANG_WARN_SUSPICIOUS_MOVE = YES;
				CLANG_WARN_UNGUARDED_AVAILABILITY = YES_AGGRESSIVE;
				CLANG_WARN_UNREACHABLE_CODE = YES;
				CLANG_WARN__DUPLICATE_METHOD_MATCH = YES;
				COPY_PHASE_STRIP = NO;
				DEBUG_INFORMATION_FORMAT = dwarf;
				ENABLE_STRICT_OBJC_MSGSEND = YES;
				ENABLE_TESTABILITY = YES;
				GCC_C_LANGUAGE_STANDARD = gnu11;
				GCC_DYNAMIC_NO_PIC = NO;
				GCC_NO_COMMON_BLOCKS = YES;
				GCC_OPTIMIZATION_LEVEL = 0;
				GCC_PREPROCESSOR_DEFINITIONS = (
					"DEBUG=1",
					"$(inherited)",
				);
				GCC_WARN_64_TO_32_BIT_CONVERSION = YES;
				GCC_WARN_ABOUT_RETURN_TYPE = YES_ERROR;
				GCC_WARN_UNDECLARED_SELECTOR = YES;
				GCC_WARN_UNINITIALIZED_AUTOS = YES_AGGRESSIVE;
				GCC_WARN_UNUSED_FUNCTION = YES;
				GCC_WARN_UNUSED_VARIABLE = YES;
				IPHONEOS_DEPLOYMENT_TARGET = 16.4;
				MTL_ENABLE_DEBUG_INFO = INCLUDE_SOURCE;
				MTL_FAST_MATH = YES;
				ONLY_ACTIVE_ARCH = YES;
				SDKROOT = iphoneos;
				SWIFT_ACTIVE_COMPILATION_CONDITIONS = DEBUG;
				SWIFT_OPTIMIZATION_LEVEL = "-Onone";
			};
			name = Debug;
		};
		BFF6FAD22A24AF4A00013838 /* Release */ = {
			isa = XCBuildConfiguration;
			buildSettings = {
				ALWAYS_SEARCH_USER_PATHS = NO;
				CLANG_ANALYZER_NONNULL = YES;
				CLANG_ANALYZER_NUMBER_OBJECT_CONVERSION = YES_AGGRESSIVE;
				CLANG_CXX_LANGUAGE_STANDARD = "gnu++20";
				CLANG_ENABLE_MODULES = YES;
				CLANG_ENABLE_OBJC_ARC = YES;
				CLANG_ENABLE_OBJC_WEAK = YES;
				CLANG_WARN_BLOCK_CAPTURE_AUTORELEASING = YES;
				CLANG_WARN_BOOL_CONVERSION = YES;
				CLANG_WARN_COMMA = YES;
				CLANG_WARN_CONSTANT_CONVERSION = YES;
				CLANG_WARN_DEPRECATED_OBJC_IMPLEMENTATIONS = YES;
				CLANG_WARN_DIRECT_OBJC_ISA_USAGE = YES_ERROR;
				CLANG_WARN_DOCUMENTATION_COMMENTS = YES;
				CLANG_WARN_EMPTY_BODY = YES;
				CLANG_WARN_ENUM_CONVERSION = YES;
				CLANG_WARN_INFINITE_RECURSION = YES;
				CLANG_WARN_INT_CONVERSION = YES;
				CLANG_WARN_NON_LITERAL_NULL_CONVERSION = YES;
				CLANG_WARN_OBJC_IMPLICIT_RETAIN_SELF = YES;
				CLANG_WARN_OBJC_LITERAL_CONVERSION = YES;
				CLANG_WARN_OBJC_ROOT_CLASS = YES_ERROR;
				CLANG_WARN_QUOTED_INCLUDE_IN_FRAMEWORK_HEADER = YES;
				CLANG_WARN_RANGE_LOOP_ANALYSIS = YES;
				CLANG_WARN_STRICT_PROTOTYPES = YES;
				CLANG_WARN_SUSPICIOUS_MOVE = YES;
				CLANG_WARN_UNGUARDED_AVAILABILITY = YES_AGGRESSIVE;
				CLANG_WARN_UNREACHABLE_CODE = YES;
				CLANG_WARN__DUPLICATE_METHOD_MATCH = YES;
				COPY_PHASE_STRIP = NO;
				DEBUG_INFORMATION_FORMAT = "dwarf-with-dsym";
				ENABLE_NS_ASSERTIONS = NO;
				ENABLE_STRICT_OBJC_MSGSEND = YES;
				GCC_C_LANGUAGE_STANDARD = gnu11;
				GCC_NO_COMMON_BLOCKS = YES;
				GCC_WARN_64_TO_32_BIT_CONVERSION = YES;
				GCC_WARN_ABOUT_RETURN_TYPE = YES_ERROR;
				GCC_WARN_UNDECLARED_SELECTOR = YES;
				GCC_WARN_UNINITIALIZED_AUTOS = YES_AGGRESSIVE;
				GCC_WARN_UNUSED_FUNCTION = YES;
				GCC_WARN_UNUSED_VARIABLE = YES;
				IPHONEOS_DEPLOYMENT_TARGET = 16.4;
				MTL_ENABLE_DEBUG_INFO = NO;
				MTL_FAST_MATH = YES;
				SDKROOT = iphoneos;
				SWIFT_COMPILATION_MODE = wholemodule;
				SWIFT_OPTIMIZATION_LEVEL = "-O";
				VALIDATE_PRODUCT = YES;
			};
			name = Release;
		};
		BFF6FAD42A24AF4A00013838 /* Debug */ = {
			isa = XCBuildConfiguration;
			buildSettings = {
				ASSETCATALOG_COMPILER_APPICON_NAME = AppIcon;
				ASSETCATALOG_COMPILER_GLOBAL_ACCENT_COLOR_NAME = AccentColor;
				CODE_SIGN_IDENTITY = "Apple Development";
				CODE_SIGN_STYLE = Automatic;
				CURRENT_PROJECT_VERSION = 1;
				DEVELOPMENT_ASSET_PATHS = "\"whisperer-app/Preview Content\"";
				DEVELOPMENT_TEAM = G3DYJBUTD2;
				ENABLE_PREVIEWS = YES;
				GENERATE_INFOPLIST_FILE = YES;
				INFOPLIST_KEY_NSMicrophoneUsageDescription = "Audio is recorded to transcribe the recording. Audio recordings are kept on device only and not shared outside.";
				INFOPLIST_KEY_NSSpeechRecognitionUsageDescription = "You can view a text transcription of your recording.";
				INFOPLIST_KEY_UIApplicationSceneManifest_Generation = YES;
				INFOPLIST_KEY_UIApplicationSupportsIndirectInputEvents = YES;
				INFOPLIST_KEY_UILaunchScreen_Generation = YES;
				INFOPLIST_KEY_UISupportedInterfaceOrientations_iPad = "UIInterfaceOrientationPortrait UIInterfaceOrientationPortraitUpsideDown UIInterfaceOrientationLandscapeLeft UIInterfaceOrientationLandscapeRight";
				INFOPLIST_KEY_UISupportedInterfaceOrientations_iPhone = "UIInterfaceOrientationPortrait UIInterfaceOrientationLandscapeLeft UIInterfaceOrientationLandscapeRight";
				LD_RUNPATH_SEARCH_PATHS = (
					"$(inherited)",
					"@executable_path/Frameworks",
				);
				MARKETING_VERSION = 1.0;
				PRODUCT_BUNDLE_IDENTIFIER = "doulouUS.whisperer-app";
				PRODUCT_NAME = "$(TARGET_NAME)";
				PROVISIONING_PROFILE_SPECIFIER = "";
				SWIFT_EMIT_LOC_STRINGS = YES;
				SWIFT_VERSION = 5.0;
				TARGETED_DEVICE_FAMILY = "1,2";
			};
			name = Debug;
		};
		BFF6FAD52A24AF4A00013838 /* Release */ = {
			isa = XCBuildConfiguration;
			buildSettings = {
				ASSETCATALOG_COMPILER_APPICON_NAME = AppIcon;
				ASSETCATALOG_COMPILER_GLOBAL_ACCENT_COLOR_NAME = AccentColor;
				CODE_SIGN_IDENTITY = "Apple Development";
				CODE_SIGN_STYLE = Automatic;
				CURRENT_PROJECT_VERSION = 1;
				DEVELOPMENT_ASSET_PATHS = "\"whisperer-app/Preview Content\"";
				DEVELOPMENT_TEAM = G3DYJBUTD2;
				ENABLE_PREVIEWS = YES;
				GENERATE_INFOPLIST_FILE = YES;
				INFOPLIST_KEY_NSMicrophoneUsageDescription = "Audio is recorded to transcribe the recording. Audio recordings are kept on device only and not shared outside.";
				INFOPLIST_KEY_NSSpeechRecognitionUsageDescription = "You can view a text transcription of your recording.";
				INFOPLIST_KEY_UIApplicationSceneManifest_Generation = YES;
				INFOPLIST_KEY_UIApplicationSupportsIndirectInputEvents = YES;
				INFOPLIST_KEY_UILaunchScreen_Generation = YES;
				INFOPLIST_KEY_UISupportedInterfaceOrientations_iPad = "UIInterfaceOrientationPortrait UIInterfaceOrientationPortraitUpsideDown UIInterfaceOrientationLandscapeLeft UIInterfaceOrientationLandscapeRight";
				INFOPLIST_KEY_UISupportedInterfaceOrientations_iPhone = "UIInterfaceOrientationPortrait UIInterfaceOrientationLandscapeLeft UIInterfaceOrientationLandscapeRight";
				LD_RUNPATH_SEARCH_PATHS = (
					"$(inherited)",
					"@executable_path/Frameworks",
				);
				MARKETING_VERSION = 1.0;
				PRODUCT_BUNDLE_IDENTIFIER = "doulouUS.whisperer-app";
				PRODUCT_NAME = "$(TARGET_NAME)";
				PROVISIONING_PROFILE_SPECIFIER = "";
				SWIFT_EMIT_LOC_STRINGS = YES;
				SWIFT_VERSION = 5.0;
				TARGETED_DEVICE_FAMILY = "1,2";
			};
			name = Release;
		};
		BFF6FAD72A24AF4A00013838 /* Debug */ = {
			isa = XCBuildConfiguration;
			buildSettings = {
				ALWAYS_EMBED_SWIFT_STANDARD_LIBRARIES = YES;
				BUNDLE_LOADER = "$(TEST_HOST)";
				CODE_SIGN_STYLE = Automatic;
				CURRENT_PROJECT_VERSION = 1;
				DEVELOPMENT_TEAM = G3DYJBUTD2;
				GENERATE_INFOPLIST_FILE = YES;
				IPHONEOS_DEPLOYMENT_TARGET = 16.4;
				MARKETING_VERSION = 1.0;
				PRODUCT_BUNDLE_IDENTIFIER = "doulouUS.whisperer-appTests";
				PRODUCT_NAME = "$(TARGET_NAME)";
				SWIFT_EMIT_LOC_STRINGS = NO;
				SWIFT_VERSION = 5.0;
				TARGETED_DEVICE_FAMILY = "1,2";
				TEST_HOST = "$(BUILT_PRODUCTS_DIR)/whisperer-app.app/$(BUNDLE_EXECUTABLE_FOLDER_PATH)/whisperer-app";
			};
			name = Debug;
		};
		BFF6FAD82A24AF4A00013838 /* Release */ = {
			isa = XCBuildConfiguration;
			buildSettings = {
				ALWAYS_EMBED_SWIFT_STANDARD_LIBRARIES = YES;
				BUNDLE_LOADER = "$(TEST_HOST)";
				CODE_SIGN_STYLE = Automatic;
				CURRENT_PROJECT_VERSION = 1;
				DEVELOPMENT_TEAM = G3DYJBUTD2;
				GENERATE_INFOPLIST_FILE = YES;
				IPHONEOS_DEPLOYMENT_TARGET = 16.4;
				MARKETING_VERSION = 1.0;
				PRODUCT_BUNDLE_IDENTIFIER = "doulouUS.whisperer-appTests";
				PRODUCT_NAME = "$(TARGET_NAME)";
				SWIFT_EMIT_LOC_STRINGS = NO;
				SWIFT_VERSION = 5.0;
				TARGETED_DEVICE_FAMILY = "1,2";
				TEST_HOST = "$(BUILT_PRODUCTS_DIR)/whisperer-app.app/$(BUNDLE_EXECUTABLE_FOLDER_PATH)/whisperer-app";
			};
			name = Release;
		};
		BFF6FADA2A24AF4A00013838 /* Debug */ = {
			isa = XCBuildConfiguration;
			buildSettings = {
				ALWAYS_EMBED_SWIFT_STANDARD_LIBRARIES = YES;
				CODE_SIGN_STYLE = Automatic;
				CURRENT_PROJECT_VERSION = 1;
				DEVELOPMENT_TEAM = G3DYJBUTD2;
				GENERATE_INFOPLIST_FILE = YES;
				MARKETING_VERSION = 1.0;
				PRODUCT_BUNDLE_IDENTIFIER = "doulouUS.whisperer-appUITests";
				PRODUCT_NAME = "$(TARGET_NAME)";
				SWIFT_EMIT_LOC_STRINGS = NO;
				SWIFT_VERSION = 5.0;
				TARGETED_DEVICE_FAMILY = "1,2";
				TEST_TARGET_NAME = "whisperer-app";
			};
			name = Debug;
		};
		BFF6FADB2A24AF4A00013838 /* Release */ = {
			isa = XCBuildConfiguration;
			buildSettings = {
				ALWAYS_EMBED_SWIFT_STANDARD_LIBRARIES = YES;
				CODE_SIGN_STYLE = Automatic;
				CURRENT_PROJECT_VERSION = 1;
				DEVELOPMENT_TEAM = G3DYJBUTD2;
				GENERATE_INFOPLIST_FILE = YES;
				MARKETING_VERSION = 1.0;
				PRODUCT_BUNDLE_IDENTIFIER = "doulouUS.whisperer-appUITests";
				PRODUCT_NAME = "$(TARGET_NAME)";
				SWIFT_EMIT_LOC_STRINGS = NO;
				SWIFT_VERSION = 5.0;
				TARGETED_DEVICE_FAMILY = "1,2";
				TEST_TARGET_NAME = "whisperer-app";
			};
			name = Release;
		};
/* End XCBuildConfiguration section */

/* Begin XCConfigurationList section */
		BFF6FAAA2A24AF4700013838 /* Build configuration list for PBXProject "whisperer-app" */ = {
			isa = XCConfigurationList;
			buildConfigurations = (
				BFF6FAD12A24AF4A00013838 /* Debug */,
				BFF6FAD22A24AF4A00013838 /* Release */,
			);
			defaultConfigurationIsVisible = 0;
			defaultConfigurationName = Release;
		};
		BFF6FAD32A24AF4A00013838 /* Build configuration list for PBXNativeTarget "whisperer-app" */ = {
			isa = XCConfigurationList;
			buildConfigurations = (
				BFF6FAD42A24AF4A00013838 /* Debug */,
				BFF6FAD52A24AF4A00013838 /* Release */,
			);
			defaultConfigurationIsVisible = 0;
			defaultConfigurationName = Release;
		};
		BFF6FAD62A24AF4A00013838 /* Build configuration list for PBXNativeTarget "whisperer-appTests" */ = {
			isa = XCConfigurationList;
			buildConfigurations = (
				BFF6FAD72A24AF4A00013838 /* Debug */,
				BFF6FAD82A24AF4A00013838 /* Release */,
			);
			defaultConfigurationIsVisible = 0;
			defaultConfigurationName = Release;
		};
		BFF6FAD92A24AF4A00013838 /* Build configuration list for PBXNativeTarget "whisperer-appUITests" */ = {
			isa = XCConfigurationList;
			buildConfigurations = (
				BFF6FADA2A24AF4A00013838 /* Debug */,
				BFF6FADB2A24AF4A00013838 /* Release */,
			);
			defaultConfigurationIsVisible = 0;
			defaultConfigurationName = Release;
		};
/* End XCConfigurationList section */

/* Begin XCRemoteSwiftPackageReference section */
		BF44DCFE2A3F913800843ACE /* XCRemoteSwiftPackageReference "SwiftWhisper" */ = {
			isa = XCRemoteSwiftPackageReference;
			repositoryURL = "https://github.com/exPHAT/SwiftWhisper.git";
			requirement = {
				branch = fast;
				kind = branch;
			};
		};
		BFA432182AB9A6CB00B45C0E /* XCRemoteSwiftPackageReference "AudioKit" */ = {
			isa = XCRemoteSwiftPackageReference;
			repositoryURL = "https://github.com/AudioKit/AudioKit.git";
			requirement = {
				kind = upToNextMajorVersion;
				minimumVersion = 5.0.0;
			};
		};
/* End XCRemoteSwiftPackageReference section */

/* Begin XCSwiftPackageProductDependency section */
		BFA432192AB9A6CB00B45C0E /* AudioKit */ = {
			isa = XCSwiftPackageProductDependency;
			package = BFA432182AB9A6CB00B45C0E /* XCRemoteSwiftPackageReference "AudioKit" */;
			productName = AudioKit;
		};
		BFB980952AF6B7D200460497 /* SwiftWhisper */ = {
			isa = XCSwiftPackageProductDependency;
			package = BF44DCFE2A3F913800843ACE /* XCRemoteSwiftPackageReference "SwiftWhisper" */;
			productName = SwiftWhisper;
		};
/* End XCSwiftPackageProductDependency section */
	};
	rootObject = BFF6FAA72A24AF4700013838 /* Project object */;
}
